
Microsoft Visual Studio Solution File, Format Version 12.00
# Visual Studio Version 17
VisualStudioVersion = 17.5.002.0
MinimumVisualStudioVersion = 10.0.40219.1
Project("{9A19103F-16F7-4668-BE54-9A1E7A4F7556}") = "jklm-hacks", "jklm-hacks.csproj", "{4D18C3E7-6C75-41BC-A424-3AD3FCDF294A}"
EndProject
Global
	GlobalSection(SolutionConfigurationPlatforms) = preSolution
		Debug|Any CPU = Debug|Any CPU
		Release|Any CPU = Release|Any CPU
	EndGlobalSection
	GlobalSection(ProjectConfigurationPlatforms) = postSolution
		{4D18C3E7-6C75-41BC-A424-3AD3FCDF294A}.Debug|Any CPU.ActiveCfg = Debug|Any CPU
		{4D18C3E7-6C75-41BC-A424-3AD3FCDF294A}.Debug|Any CPU.Build.0 = Debug|Any CPU
		{4D18C3E7-6C75-41BC-A424-3AD3FCDF294A}.Release|Any CPU.ActiveCfg = Release|Any CPU
		{4D18C3E7-6C75-41BC-A424-3AD3FCDF294A}.Release|Any CPU.Build.0 = Release|Any CPU
	EndGlobalSection
	GlobalSection(SolutionProperties) = preSolution
		HideSolutionNode = FALSE
	EndGlobalSection
	GlobalSection(ExtensibilityGlobals) = postSolution
		SolutionGuid = {3AD35BB7-A0B2-4283-B653-94E3AAD8CD41}
	EndGlobalSection
EndGlobal
